
Microsoft Visual Studio Solution File, Format Version 12.00
# Visual Studio Version 17
VisualStudioVersion = 17.9.34607.119
MinimumVisualStudioVersion = 10.0.40219.1
Project("{FAE04EC0-301F-11D3-BF4B-00C04F79EFBC}") = "NewTalents", "NewTalents\NewTalents.csproj", "{797D3CF6-998B-4DD0-8431-D5377A9AA57B}"
EndProject
Project("{FAE04EC0-301F-11D3-BF4B-00C04F79EFBC}") = "NewTalentsTests", "NewTalentsTests\NewTalentsTests.csproj", "{F531FB3B-1FF3-4A59-A8AB-B9CF8AFD0DCF}"
EndProject
Global
	GlobalSection(SolutionConfigurationPlatforms) = preSolution
		Debug|Any CPU = Debug|Any CPU
		Release|Any CPU = Release|Any CPU
	EndGlobalSection
	GlobalSection(ProjectConfigurationPlatforms) = postSolution
		{797D3CF6-998B-4DD0-8431-D5377A9AA57B}.Debug|Any CPU.ActiveCfg = Debug|Any CPU
		{797D3CF6-998B-4DD0-8431-D5377A9AA57B}.Debug|Any CPU.Build.0 = Debug|Any CPU
		{797D3CF6-998B-4DD0-8431-D5377A9AA57B}.Release|Any CPU.ActiveCfg = Release|Any CPU
		{797D3CF6-998B-4DD0-8431-D5377A9AA57B}.Release|Any CPU.Build.0 = Release|Any CPU
		{F531FB3B-1FF3-4A59-A8AB-B9CF8AFD0DCF}.Debug|Any CPU.ActiveCfg = Debug|Any CPU
		{F531FB3B-1FF3-4A59-A8AB-B9CF8AFD0DCF}.Debug|Any CPU.Build.0 = Debug|Any CPU
		{F531FB3B-1FF3-4A59-A8AB-B9CF8AFD0DCF}.Release|Any CPU.ActiveCfg = Release|Any CPU
		{F531FB3B-1FF3-4A59-A8AB-B9CF8AFD0DCF}.Release|Any CPU.Build.0 = Release|Any CPU
	EndGlobalSection
	GlobalSection(SolutionProperties) = preSolution
		HideSolutionNode = FALSE
	EndGlobalSection
	GlobalSection(ExtensibilityGlobals) = postSolution
		SolutionGuid = {3D74A350-D155-4470-BD5A-BDAD1F8BD8E6}
	EndGlobalSection
EndGlobal
